
Microsoft Visual Studio Solution File, Format Version 12.00
# Visual Studio Version 17
VisualStudioVersion = 17.12.35707.178 d17.12
MinimumVisualStudioVersion = 10.0.40219.1
Project("{FAE04EC0-301F-11D3-BF4B-00C04F79EFBC}") = "GenericKoleksiyonlarGiris", "GenericKoleksiyonlarGiris\GenericKoleksiyonlarGiris.csproj", "{B7585F69-3BF9-497D-8FF8-58C23D64A43A}"
EndProject
Project("{FAE04EC0-301F-11D3-BF4B-00C04F79EFBC}") = "GenericKoleksiyonlarinKullanimi", "GenericKoleksiyonlarinKullanimi\GenericKoleksiyonlarinKullanimi.csproj", "{820A0226-7ED7-4D2F-A31A-E5C58296C974}"
EndProject
Project("{FAE04EC0-301F-11D3-BF4B-00C04F79EFBC}") = "GenericClassNedir", "GenericClassNedir\GenericClassNedir.csproj", "{B03E367C-5076-4F36-891F-294567F0242E}"
EndProject
Global
	GlobalSection(SolutionConfigurationPlatforms) = preSolution
		Debug|Any CPU = Debug|Any CPU
		Release|Any CPU = Release|Any CPU
	EndGlobalSection
	GlobalSection(ProjectConfigurationPlatforms) = postSolution
		{B7585F69-3BF9-497D-8FF8-58C23D64A43A}.Debug|Any CPU.ActiveCfg = Debug|Any CPU
		{B7585F69-3BF9-497D-8FF8-58C23D64A43A}.Debug|Any CPU.Build.0 = Debug|Any CPU
		{B7585F69-3BF9-497D-8FF8-58C23D64A43A}.Release|Any CPU.ActiveCfg = Release|Any CPU
		{B7585F69-3BF9-497D-8FF8-58C23D64A43A}.Release|Any CPU.Build.0 = Release|Any CPU
		{820A0226-7ED7-4D2F-A31A-E5C58296C974}.Debug|Any CPU.ActiveCfg = Debug|Any CPU
		{820A0226-7ED7-4D2F-A31A-E5C58296C974}.Debug|Any CPU.Build.0 = Debug|Any CPU
		{820A0226-7ED7-4D2F-A31A-E5C58296C974}.Release|Any CPU.ActiveCfg = Release|Any CPU
		{820A0226-7ED7-4D2F-A31A-E5C58296C974}.Release|Any CPU.Build.0 = Release|Any CPU
		{B03E367C-5076-4F36-891F-294567F0242E}.Debug|Any CPU.ActiveCfg = Debug|Any CPU
		{B03E367C-5076-4F36-891F-294567F0242E}.Debug|Any CPU.Build.0 = Debug|Any CPU
		{B03E367C-5076-4F36-891F-294567F0242E}.Release|Any CPU.ActiveCfg = Release|Any CPU
		{B03E367C-5076-4F36-891F-294567F0242E}.Release|Any CPU.Build.0 = Release|Any CPU
	EndGlobalSection
	GlobalSection(SolutionProperties) = preSolution
		HideSolutionNode = FALSE
	EndGlobalSection
EndGlobal
