
Microsoft Visual Studio Solution File, Format Version 12.00
# Visual Studio Version 17
VisualStudioVersion = 17.12.35707.178 d17.12
MinimumVisualStudioVersion = 10.0.40219.1
Project("{FAE04EC0-301F-11D3-BF4B-00C04F79EFBC}") = "NTP-Ders1-console", "NTP-Ders\NTP-Ders1-console.csproj", "{AC164041-7B0C-4CE2-B834-878759DD12DA}"
EndProject
Project("{FAE04EC0-301F-11D3-BF4B-00C04F79EFBC}") = "NTP-Ders2-form", "NTP-Ders-2\NTP-Ders2-form.csproj", "{68AB6D26-449F-4B21-A256-5F2726492FC7}"
EndProject
Global
	GlobalSection(SolutionConfigurationPlatforms) = preSolution
		Debug|Any CPU = Debug|Any CPU
		Release|Any CPU = Release|Any CPU
	EndGlobalSection
	GlobalSection(ProjectConfigurationPlatforms) = postSolution
		{AC164041-7B0C-4CE2-B834-878759DD12DA}.Debug|Any CPU.ActiveCfg = Debug|Any CPU
		{AC164041-7B0C-4CE2-B834-878759DD12DA}.Debug|Any CPU.Build.0 = Debug|Any CPU
		{AC164041-7B0C-4CE2-B834-878759DD12DA}.Release|Any CPU.ActiveCfg = Release|Any CPU
		{AC164041-7B0C-4CE2-B834-878759DD12DA}.Release|Any CPU.Build.0 = Release|Any CPU
		{68AB6D26-449F-4B21-A256-5F2726492FC7}.Debug|Any CPU.ActiveCfg = Debug|Any CPU
		{68AB6D26-449F-4B21-A256-5F2726492FC7}.Debug|Any CPU.Build.0 = Debug|Any CPU
		{68AB6D26-449F-4B21-A256-5F2726492FC7}.Release|Any CPU.ActiveCfg = Release|Any CPU
		{68AB6D26-449F-4B21-A256-5F2726492FC7}.Release|Any CPU.Build.0 = Release|Any CPU
	EndGlobalSection
	GlobalSection(SolutionProperties) = preSolution
		HideSolutionNode = FALSE
	EndGlobalSection
EndGlobal
