
Microsoft Visual Studio Solution File, Format Version 12.00
# Visual Studio Version 17
VisualStudioVersion = 17.12.35707.178
MinimumVisualStudioVersion = 10.0.40219.1
Project("{FAE04EC0-301F-11D3-BF4B-00C04F79EFBC}") = "NTP-Ders1-console", "NTP-Ders\NTP-Ders1-console.csproj", "{AC164041-7B0C-4CE2-B834-878759DD12DA}"
EndProject
Project("{FAE04EC0-301F-11D3-BF4B-00C04F79EFBC}") = "NTP-Ders2-form", "NTP-Ders-2\NTP-Ders2-form.csproj", "{68AB6D26-449F-4B21-A256-5F2726492FC7}"
EndProject
Project("{FAE04EC0-301F-11D3-BF4B-00C04F79EFBC}") = "NTP-Ders-H2", "NTP-Ders-H2\NTP-Ders-H2.csproj", "{D8548C49-29C0-475A-908E-3D75174B2BA3}"
EndProject
Project("{FAE04EC0-301F-11D3-BF4B-00C04F79EFBC}") = "NTP-Ders-H2-Lab", "NTP-Ders-H2.1\NTP-Ders-H2-Lab.csproj", "{2AB41E5E-FDEE-4332-A705-931F63E39873}"
EndProject
Project("{FAE04EC0-301F-11D3-BF4B-00C04F79EFBC}") = "NTP-Ders-H2-Formlab", "NTP-Ders-H2-Formlab\NTP-Ders-H2-Formlab.csproj", "{35EAD04E-AC1C-4B18-BFB0-78E3ABC51BA5}"
EndProject
Project("{FAE04EC0-301F-11D3-BF4B-00C04F79EFBC}") = "NTP-Ders-H3", "NTP-Ders-H3\NTP-Ders-H3.csproj", "{378C947E-148A-4B37-9DFF-8EFDABAB6356}"
EndProject
Project("{FAE04EC0-301F-11D3-BF4B-00C04F79EFBC}") = "NTP-Ders-H3-Lab", "NTP-DERS-H3-Lab\NTP-Ders-H3-Lab.csproj", "{CB81AFEF-6827-4DE1-B229-39D72A9F00C3}"
EndProject
Project("{FAE04EC0-301F-11D3-BF4B-00C04F79EFBC}") = "NTP-Ders-H3-lab-form", "NTP-Ders-H3-lab-form\NTP-Ders-H3-lab-form.csproj", "{EB55D1CC-F9B3-45FE-9D88-442EBD6707B8}"
EndProject
Project("{FAE04EC0-301F-11D3-BF4B-00C04F79EFBC}") = "NTP-Ders-H4-(Gr)", "NTP-Ders-H4-(Gr)\NTP-Ders-H4-(Gr).csproj", "{C21EA88C-7F6C-47B3-8B09-1080F78D3F65}"
EndProject
Project("{FAE04EC0-301F-11D3-BF4B-00C04F79EFBC}") = "NTP-Ders-H4-Form-(Gr)", "NTP-Ders-H4-Form-(Gr)\NTP-Ders-H4-Form-(Gr).csproj", "{405FDDA5-675D-4BCD-B34D-888A9CCF1061}"
EndProject
Project("{FAE04EC0-301F-11D3-BF4B-00C04F79EFBC}") = "NTP-Ders-H5", "NTP-Ders-H4.2\NTP-Ders-H5.csproj", "{C23F52E3-9BBF-4A90-BEF7-46376BF53792}"
EndProject
Project("{FAE04EC0-301F-11D3-BF4B-00C04F79EFBC}") = "NTP-Ders-H5-uyg", "NTP-Ders-H5-uyg\NTP-Ders-H5-uyg.csproj", "{2749BF36-0164-4CE8-AA40-D46DCE943536}"
EndProject
Project("{FAE04EC0-301F-11D3-BF4B-00C04F79EFBC}") = "NTP-Ders-H6", "NTP-Ders-H6\NTP-Ders-H6.csproj", "{4CD76EDE-420C-4012-BC4B-296D3238AA72}"
EndProject
Project("{FAE04EC0-301F-11D3-BF4B-00C04F79EFBC}") = "NTP-Ders-H7-Vize", "NTP-Ders-H7-Vize\NTP-Ders-H7-Vize.csproj", "{DB40CB67-10D7-4E64-A127-FB7E0637824C}"
EndProject
Project("{FAE04EC0-301F-11D3-BF4B-00C04F79EFBC}") = "NTP-Ders-H8", "NTP-DERS-H8\NTP-Ders-H8.csproj", "{9B45460C-04E3-4EDC-AD01-F574BFF9396B}"
EndProject
Project("{FAE04EC0-301F-11D3-BF4B-00C04F79EFBC}") = "NTP-Ders-H8-calisma", "NTP-Ders-H8-calisma\NTP-Ders-H8-calisma.csproj", "{ED68C0B1-38A3-46B4-8F0C-3BB9CB82D7C9}"
EndProject
Project("{FAE04EC0-301F-11D3-BF4B-00C04F79EFBC}") = "NTP-Ders-H9-I", "NTP-Ders9-I\NTP-Ders-H9-I.csproj", "{9A826F16-320B-4274-98FD-A3D3051541E2}"
EndProject
Project("{FAE04EC0-301F-11D3-BF4B-00C04F79EFBC}") = "NTP-Ders-H-z10-delegate", "NTP-Ders-zH10\NTP-Ders-H-z10-delegate.csproj", "{9CBFEB94-C568-4969-A802-3A3DB381408D}"
EndProject
Global
	GlobalSection(SolutionConfigurationPlatforms) = preSolution
		Debug|Any CPU = Debug|Any CPU
		Release|Any CPU = Release|Any CPU
	EndGlobalSection
	GlobalSection(ProjectConfigurationPlatforms) = postSolution
		{AC164041-7B0C-4CE2-B834-878759DD12DA}.Debug|Any CPU.ActiveCfg = Debug|Any CPU
		{AC164041-7B0C-4CE2-B834-878759DD12DA}.Debug|Any CPU.Build.0 = Debug|Any CPU
		{AC164041-7B0C-4CE2-B834-878759DD12DA}.Release|Any CPU.ActiveCfg = Release|Any CPU
		{AC164041-7B0C-4CE2-B834-878759DD12DA}.Release|Any CPU.Build.0 = Release|Any CPU
		{68AB6D26-449F-4B21-A256-5F2726492FC7}.Debug|Any CPU.ActiveCfg = Debug|Any CPU
		{68AB6D26-449F-4B21-A256-5F2726492FC7}.Debug|Any CPU.Build.0 = Debug|Any CPU
		{68AB6D26-449F-4B21-A256-5F2726492FC7}.Release|Any CPU.ActiveCfg = Release|Any CPU
		{68AB6D26-449F-4B21-A256-5F2726492FC7}.Release|Any CPU.Build.0 = Release|Any CPU
		{D8548C49-29C0-475A-908E-3D75174B2BA3}.Debug|Any CPU.ActiveCfg = Debug|Any CPU
		{D8548C49-29C0-475A-908E-3D75174B2BA3}.Debug|Any CPU.Build.0 = Debug|Any CPU
		{D8548C49-29C0-475A-908E-3D75174B2BA3}.Release|Any CPU.ActiveCfg = Release|Any CPU
		{D8548C49-29C0-475A-908E-3D75174B2BA3}.Release|Any CPU.Build.0 = Release|Any CPU
		{2AB41E5E-FDEE-4332-A705-931F63E39873}.Debug|Any CPU.ActiveCfg = Debug|Any CPU
		{2AB41E5E-FDEE-4332-A705-931F63E39873}.Debug|Any CPU.Build.0 = Debug|Any CPU
		{2AB41E5E-FDEE-4332-A705-931F63E39873}.Release|Any CPU.ActiveCfg = Release|Any CPU
		{2AB41E5E-FDEE-4332-A705-931F63E39873}.Release|Any CPU.Build.0 = Release|Any CPU
		{35EAD04E-AC1C-4B18-BFB0-78E3ABC51BA5}.Debug|Any CPU.ActiveCfg = Debug|Any CPU
		{35EAD04E-AC1C-4B18-BFB0-78E3ABC51BA5}.Debug|Any CPU.Build.0 = Debug|Any CPU
		{35EAD04E-AC1C-4B18-BFB0-78E3ABC51BA5}.Release|Any CPU.ActiveCfg = Release|Any CPU
		{35EAD04E-AC1C-4B18-BFB0-78E3ABC51BA5}.Release|Any CPU.Build.0 = Release|Any CPU
		{378C947E-148A-4B37-9DFF-8EFDABAB6356}.Debug|Any CPU.ActiveCfg = Debug|Any CPU
		{378C947E-148A-4B37-9DFF-8EFDABAB6356}.Debug|Any CPU.Build.0 = Debug|Any CPU
		{378C947E-148A-4B37-9DFF-8EFDABAB6356}.Release|Any CPU.ActiveCfg = Release|Any CPU
		{378C947E-148A-4B37-9DFF-8EFDABAB6356}.Release|Any CPU.Build.0 = Release|Any CPU
		{CB81AFEF-6827-4DE1-B229-39D72A9F00C3}.Debug|Any CPU.ActiveCfg = Debug|Any CPU
		{CB81AFEF-6827-4DE1-B229-39D72A9F00C3}.Debug|Any CPU.Build.0 = Debug|Any CPU
		{CB81AFEF-6827-4DE1-B229-39D72A9F00C3}.Release|Any CPU.ActiveCfg = Release|Any CPU
		{CB81AFEF-6827-4DE1-B229-39D72A9F00C3}.Release|Any CPU.Build.0 = Release|Any CPU
		{EB55D1CC-F9B3-45FE-9D88-442EBD6707B8}.Debug|Any CPU.ActiveCfg = Debug|Any CPU
		{EB55D1CC-F9B3-45FE-9D88-442EBD6707B8}.Debug|Any CPU.Build.0 = Debug|Any CPU
		{EB55D1CC-F9B3-45FE-9D88-442EBD6707B8}.Release|Any CPU.ActiveCfg = Release|Any CPU
		{EB55D1CC-F9B3-45FE-9D88-442EBD6707B8}.Release|Any CPU.Build.0 = Release|Any CPU
		{C21EA88C-7F6C-47B3-8B09-1080F78D3F65}.Debug|Any CPU.ActiveCfg = Debug|Any CPU
		{C21EA88C-7F6C-47B3-8B09-1080F78D3F65}.Debug|Any CPU.Build.0 = Debug|Any CPU
		{C21EA88C-7F6C-47B3-8B09-1080F78D3F65}.Release|Any CPU.ActiveCfg = Release|Any CPU
		{C21EA88C-7F6C-47B3-8B09-1080F78D3F65}.Release|Any CPU.Build.0 = Release|Any CPU
		{405FDDA5-675D-4BCD-B34D-888A9CCF1061}.Debug|Any CPU.ActiveCfg = Debug|Any CPU
		{405FDDA5-675D-4BCD-B34D-888A9CCF1061}.Debug|Any CPU.Build.0 = Debug|Any CPU
		{405FDDA5-675D-4BCD-B34D-888A9CCF1061}.Release|Any CPU.ActiveCfg = Release|Any CPU
		{405FDDA5-675D-4BCD-B34D-888A9CCF1061}.Release|Any CPU.Build.0 = Release|Any CPU
		{C23F52E3-9BBF-4A90-BEF7-46376BF53792}.Debug|Any CPU.ActiveCfg = Debug|Any CPU
		{C23F52E3-9BBF-4A90-BEF7-46376BF53792}.Debug|Any CPU.Build.0 = Debug|Any CPU
		{C23F52E3-9BBF-4A90-BEF7-46376BF53792}.Release|Any CPU.ActiveCfg = Release|Any CPU
		{C23F52E3-9BBF-4A90-BEF7-46376BF53792}.Release|Any CPU.Build.0 = Release|Any CPU
		{2749BF36-0164-4CE8-AA40-D46DCE943536}.Debug|Any CPU.ActiveCfg = Debug|Any CPU
		{2749BF36-0164-4CE8-AA40-D46DCE943536}.Debug|Any CPU.Build.0 = Debug|Any CPU
		{2749BF36-0164-4CE8-AA40-D46DCE943536}.Release|Any CPU.ActiveCfg = Release|Any CPU
		{2749BF36-0164-4CE8-AA40-D46DCE943536}.Release|Any CPU.Build.0 = Release|Any CPU
		{4CD76EDE-420C-4012-BC4B-296D3238AA72}.Debug|Any CPU.ActiveCfg = Debug|Any CPU
		{4CD76EDE-420C-4012-BC4B-296D3238AA72}.Debug|Any CPU.Build.0 = Debug|Any CPU
		{4CD76EDE-420C-4012-BC4B-296D3238AA72}.Release|Any CPU.ActiveCfg = Release|Any CPU
		{4CD76EDE-420C-4012-BC4B-296D3238AA72}.Release|Any CPU.Build.0 = Release|Any CPU
		{DB40CB67-10D7-4E64-A127-FB7E0637824C}.Debug|Any CPU.ActiveCfg = Debug|Any CPU
		{DB40CB67-10D7-4E64-A127-FB7E0637824C}.Debug|Any CPU.Build.0 = Debug|Any CPU
		{DB40CB67-10D7-4E64-A127-FB7E0637824C}.Release|Any CPU.ActiveCfg = Release|Any CPU
		{DB40CB67-10D7-4E64-A127-FB7E0637824C}.Release|Any CPU.Build.0 = Release|Any CPU
		{9B45460C-04E3-4EDC-AD01-F574BFF9396B}.Debug|Any CPU.ActiveCfg = Debug|Any CPU
		{9B45460C-04E3-4EDC-AD01-F574BFF9396B}.Debug|Any CPU.Build.0 = Debug|Any CPU
		{9B45460C-04E3-4EDC-AD01-F574BFF9396B}.Release|Any CPU.ActiveCfg = Release|Any CPU
		{9B45460C-04E3-4EDC-AD01-F574BFF9396B}.Release|Any CPU.Build.0 = Release|Any CPU
		{ED68C0B1-38A3-46B4-8F0C-3BB9CB82D7C9}.Debug|Any CPU.ActiveCfg = Debug|Any CPU
		{ED68C0B1-38A3-46B4-8F0C-3BB9CB82D7C9}.Debug|Any CPU.Build.0 = Debug|Any CPU
		{ED68C0B1-38A3-46B4-8F0C-3BB9CB82D7C9}.Release|Any CPU.ActiveCfg = Release|Any CPU
		{ED68C0B1-38A3-46B4-8F0C-3BB9CB82D7C9}.Release|Any CPU.Build.0 = Release|Any CPU
		{9A826F16-320B-4274-98FD-A3D3051541E2}.Debug|Any CPU.ActiveCfg = Debug|Any CPU
		{9A826F16-320B-4274-98FD-A3D3051541E2}.Debug|Any CPU.Build.0 = Debug|Any CPU
		{9A826F16-320B-4274-98FD-A3D3051541E2}.Release|Any CPU.ActiveCfg = Release|Any CPU
		{9A826F16-320B-4274-98FD-A3D3051541E2}.Release|Any CPU.Build.0 = Release|Any CPU
		{9CBFEB94-C568-4969-A802-3A3DB381408D}.Debug|Any CPU.ActiveCfg = Debug|Any CPU
		{9CBFEB94-C568-4969-A802-3A3DB381408D}.Debug|Any CPU.Build.0 = Debug|Any CPU
		{9CBFEB94-C568-4969-A802-3A3DB381408D}.Release|Any CPU.ActiveCfg = Release|Any CPU
		{9CBFEB94-C568-4969-A802-3A3DB381408D}.Release|Any CPU.Build.0 = Release|Any CPU
	EndGlobalSection
	GlobalSection(SolutionProperties) = preSolution
		HideSolutionNode = FALSE
	EndGlobalSection
EndGlobal
