
Microsoft Visual Studio Solution File, Format Version 12.00
# Visual Studio Version 17
VisualStudioVersion = 17.12.35707.178 d17.12
MinimumVisualStudioVersion = 10.0.40219.1
Project("{FAE04EC0-301F-11D3-BF4B-00C04F79EFBC}") = "ArrayList_Sinifi", "ArrayList_Sinifi\ArrayList_Sinifi.csproj", "{950F7A39-0B0D-4F17-B7DE-D70D364C893E}"
EndProject
Global
	GlobalSection(SolutionConfigurationPlatforms) = preSolution
		Debug|Any CPU = Debug|Any CPU
		Release|Any CPU = Release|Any CPU
	EndGlobalSection
	GlobalSection(ProjectConfigurationPlatforms) = postSolution
		{950F7A39-0B0D-4F17-B7DE-D70D364C893E}.Debug|Any CPU.ActiveCfg = Debug|Any CPU
		{950F7A39-0B0D-4F17-B7DE-D70D364C893E}.Debug|Any CPU.Build.0 = Debug|Any CPU
		{950F7A39-0B0D-4F17-B7DE-D70D364C893E}.Release|Any CPU.ActiveCfg = Release|Any CPU
		{950F7A39-0B0D-4F17-B7DE-D70D364C893E}.Release|Any CPU.Build.0 = Release|Any CPU
	EndGlobalSection
	GlobalSection(SolutionProperties) = preSolution
		HideSolutionNode = FALSE
	EndGlobalSection
EndGlobal
