
Microsoft Visual Studio Solution File, Format Version 12.00
# Visual Studio Version 17
VisualStudioVersion = 17.12.35707.178 d17.12
MinimumVisualStudioVersion = 10.0.40219.1
Project("{FAE04EC0-301F-11D3-BF4B-00C04F79EFBC}") = "NTP-Exercise", "NTP-Exercise\NTP-Exercise.csproj", "{C6203013-A05B-463C-B1BB-68954C31597E}"
EndProject
Project("{FAE04EC0-301F-11D3-BF4B-00C04F79EFBC}") = "NTP-Exercise-ex1", "NTP-Exercise-ex1\NTP-Exercise-ex1.csproj", "{70681CEC-156F-4888-B187-BD802AA495DF}"
EndProject
Global
	GlobalSection(SolutionConfigurationPlatforms) = preSolution
		Debug|Any CPU = Debug|Any CPU
		Release|Any CPU = Release|Any CPU
	EndGlobalSection
	GlobalSection(ProjectConfigurationPlatforms) = postSolution
		{C6203013-A05B-463C-B1BB-68954C31597E}.Debug|Any CPU.ActiveCfg = Debug|Any CPU
		{C6203013-A05B-463C-B1BB-68954C31597E}.Debug|Any CPU.Build.0 = Debug|Any CPU
		{C6203013-A05B-463C-B1BB-68954C31597E}.Release|Any CPU.ActiveCfg = Release|Any CPU
		{C6203013-A05B-463C-B1BB-68954C31597E}.Release|Any CPU.Build.0 = Release|Any CPU
		{70681CEC-156F-4888-B187-BD802AA495DF}.Debug|Any CPU.ActiveCfg = Debug|Any CPU
		{70681CEC-156F-4888-B187-BD802AA495DF}.Debug|Any CPU.Build.0 = Debug|Any CPU
		{70681CEC-156F-4888-B187-BD802AA495DF}.Release|Any CPU.ActiveCfg = Release|Any CPU
		{70681CEC-156F-4888-B187-BD802AA495DF}.Release|Any CPU.Build.0 = Release|Any CPU
	EndGlobalSection
	GlobalSection(SolutionProperties) = preSolution
		HideSolutionNode = FALSE
	EndGlobalSection
EndGlobal
